// !$*UTF8*$!
{
	archiveVersion = 1;
	classes = {
	};
	objectVersion = 56;
	objects = {

/* Begin PBXBuildFile section */
		EA3B0A2A2B2F24EF00B8BB21 /* ObjectRecognitionApp.swift in Sources */ = {isa = PBXBuildFile; fileRef = EA3B0A292B2F24EF00B8BB21 /* ObjectRecognitionApp.swift */; };
		EA3B0A2E2B2F24F100B8BB21 /* Assets.xcassets in Resources */ = {isa = PBXBuildFile; fileRef = EA3B0A2D2B2F24F100B8BB21 /* Assets.xcassets */; };
		EA3B0A312B2F24F100B8BB21 /* Preview Assets.xcassets in Resources */ = {isa = PBXBuildFile; fileRef = EA3B0A302B2F24F100B8BB21 /* Preview Assets.xcassets */; };
		EA3B0A382B2F255700B8BB21 /* MobileNetV2.mlmodel in Sources */ = {isa = PBXBuildFile; fileRef = EA3B0A372B2F255700B8BB21 /* MobileNetV2.mlmodel */; };
		EA3B0A3B2B2F38D600B8BB21 /* RecognitionResult.swift in Sources */ = {isa = PBXBuildFile; fileRef = EA3B0A3A2B2F38D600B8BB21 /* RecognitionResult.swift */; };
		EA3B0A3E2B2F38F300B8BB21 /* RecognitionViewModel.swift in Sources */ = {isa = PBXBuildFile; fileRef = EA3B0A3D2B2F38F300B8BB21 /* RecognitionViewModel.swift */; };
		EA3B0A412B2F395200B8BB21 /* ContentView.swift in Sources */ = {isa = PBXBuildFile; fileRef = EA3B0A402B2F395200B8BB21 /* ContentView.swift */; };
		EA3B0A432B2F397600B8BB21 /* CameraView.swift in Sources */ = {isa = PBXBuildFile; fileRef = EA3B0A422B2F397600B8BB21 /* CameraView.swift */; };
		EA3B0A452B2F3C8000B8BB21 /* ImagePicker.swift in Sources */ = {isa = PBXBuildFile; fileRef = EA3B0A442B2F3C8000B8BB21 /* ImagePicker.swift */; };
		EA3B0A482B30483300B8BB21 /* HexColor.swift in Sources */ = {isa = PBXBuildFile; fileRef = EA3B0A472B30483300B8BB21 /* HexColor.swift */; };
/* End PBXBuildFile section */

/* Begin PBXFileReference section */
		EA3B0A262B2F24EF00B8BB21 /* ObjectRecognition.app */ = {isa = PBXFileReference; explicitFileType = wrapper.application; includeInIndex = 0; path = ObjectRecognition.app; sourceTree = BUILT_PRODUCTS_DIR; };
		EA3B0A292B2F24EF00B8BB21 /* ObjectRecognitionApp.swift */ = {isa = PBXFileReference; lastKnownFileType = sourcecode.swift; path = ObjectRecognitionApp.swift; sourceTree = "<group>"; };
		EA3B0A2D2B2F24F100B8BB21 /* Assets.xcassets */ = {isa = PBXFileReference; lastKnownFileType = folder.assetcatalog; path = Assets.xcassets; sourceTree = "<group>"; };
		EA3B0A302B2F24F100B8BB21 /* Preview Assets.xcassets */ = {isa = PBXFileReference; lastKnownFileType = folder.assetcatalog; path = "Preview Assets.xcassets"; sourceTree = "<group>"; };
		EA3B0A372B2F255700B8BB21 /* MobileNetV2.mlmodel */ = {isa = PBXFileReference; lastKnownFileType = file.mlmodel; path = MobileNetV2.mlmodel; sourceTree = "<group>"; };
		EA3B0A3A2B2F38D600B8BB21 /* RecognitionResult.swift */ = {isa = PBXFileReference; lastKnownFileType = sourcecode.swift; path = RecognitionResult.swift; sourceTree = "<group>"; };
		EA3B0A3D2B2F38F300B8BB21 /* RecognitionViewModel.swift */ = {isa = PBXFileReference; lastKnownFileType = sourcecode.swift; path = RecognitionViewModel.swift; sourceTree = "<group>"; };
		EA3B0A402B2F395200B8BB21 /* ContentView.swift */ = {isa = PBXFileReference; lastKnownFileType = sourcecode.swift; path = ContentView.swift; sourceTree = "<group>"; };
		EA3B0A422B2F397600B8BB21 /* CameraView.swift */ = {isa = PBXFileReference; lastKnownFileType = sourcecode.swift; path = CameraView.swift; sourceTree = "<group>"; };
		EA3B0A442B2F3C8000B8BB21 /* ImagePicker.swift */ = {isa = PBXFileReference; lastKnownFileType = sourcecode.swift; path = ImagePicker.swift; sourceTree = "<group>"; };
		EA3B0A472B30483300B8BB21 /* HexColor.swift */ = {isa = PBXFileReference; lastKnownFileType = sourcecode.swift; path = HexColor.swift; sourceTree = "<group>"; };
/* End PBXFileReference section */

/* Begin PBXFrameworksBuildPhase section */
		EA3B0A232B2F24EF00B8BB21 /* Frameworks */ = {
			isa = PBXFrameworksBuildPhase;
			buildActionMask = 2147483647;
			files = (
			);
			runOnlyForDeploymentPostprocessing = 0;
		};
/* End PBXFrameworksBuildPhase section */

/* Begin PBXGroup section */
		EA3B0A1D2B2F24EF00B8BB21 = {
			isa = PBXGroup;
			children = (
				EA3B0A282B2F24EF00B8BB21 /* ObjectRecognition */,
				EA3B0A272B2F24EF00B8BB21 /* Products */,
			);
			sourceTree = "<group>";
		};
		EA3B0A272B2F24EF00B8BB21 /* Products */ = {
			isa = PBXGroup;
			children = (
				EA3B0A262B2F24EF00B8BB21 /* ObjectRecognition.app */,
			);
			name = Products;
			sourceTree = "<group>";
		};
		EA3B0A282B2F24EF00B8BB21 /* ObjectRecognition */ = {
			isa = PBXGroup;
			children = (
				EA3B0A462B30482700B8BB21 /* Utils */,
				EA3B0A3F2B2F392C00B8BB21 /* Views */,
				EA3B0A3C2B2F38E600B8BB21 /* ViewModel */,
				EA3B0A392B2F38CB00B8BB21 /* Model */,
				EA3B0A372B2F255700B8BB21 /* MobileNetV2.mlmodel */,
				EA3B0A292B2F24EF00B8BB21 /* ObjectRecognitionApp.swift */,
				EA3B0A2D2B2F24F100B8BB21 /* Assets.xcassets */,
				EA3B0A2F2B2F24F100B8BB21 /* Preview Content */,
			);
			path = ObjectRecognition;
			sourceTree = "<group>";
		};
		EA3B0A2F2B2F24F100B8BB21 /* Preview Content */ = {
			isa = PBXGroup;
			children = (
				EA3B0A302B2F24F100B8BB21 /* Preview Assets.xcassets */,
			);
			path = "Preview Content";
			sourceTree = "<group>";
		};
		EA3B0A392B2F38CB00B8BB21 /* Model */ = {
			isa = PBXGroup;
			children = (
				EA3B0A3A2B2F38D600B8BB21 /* RecognitionResult.swift */,
			);
			path = Model;
			sourceTree = "<group>";
		};
		EA3B0A3C2B2F38E600B8BB21 /* ViewModel */ = {
			isa = PBXGroup;
			children = (
				EA3B0A3D2B2F38F300B8BB21 /* RecognitionViewModel.swift */,
			);
			path = ViewModel;
			sourceTree = "<group>";
		};
		EA3B0A3F2B2F392C00B8BB21 /* Views */ = {
			isa = PBXGroup;
			children = (
				EA3B0A402B2F395200B8BB21 /* ContentView.swift */,
				EA3B0A422B2F397600B8BB21 /* CameraView.swift */,
				EA3B0A442B2F3C8000B8BB21 /* ImagePicker.swift */,
			);
			path = Views;
			sourceTree = "<group>";
		};
		EA3B0A462B30482700B8BB21 /* Utils */ = {
			isa = PBXGroup;
			children = (
				EA3B0A472B30483300B8BB21 /* HexColor.swift */,
			);
			path = Utils;
			sourceTree = "<group>";
		};
/* End PBXGroup section */

/* Begin PBXNativeTarget section */
		EA3B0A252B2F24EF00B8BB21 /* ObjectRecognition */ = {
			isa = PBXNativeTarget;
			buildConfigurationList = EA3B0A342B2F24F100B8BB21 /* Build configuration list for PBXNativeTarget "ObjectRecognition" */;
			buildPhases = (
				EA3B0A222B2F24EF00B8BB21 /* Sources */,
				EA3B0A232B2F24EF00B8BB21 /* Frameworks */,
				EA3B0A242B2F24EF00B8BB21 /* Resources */,
			);
			buildRules = (
			);
			dependencies = (
			);
			name = ObjectRecognition;
			productName = ObjectRecognition;
			productReference = EA3B0A262B2F24EF00B8BB21 /* ObjectRecognition.app */;
			productType = "com.apple.product-type.application";
		};
/* End PBXNativeTarget section */

/* Begin PBXProject section */
		EA3B0A1E2B2F24EF00B8BB21 /* Project object */ = {
			isa = PBXProject;
			attributes = {
				BuildIndependentTargetsInParallel = 1;
				LastSwiftUpdateCheck = 1510;
				LastUpgradeCheck = 1510;
				TargetAttributes = {
					EA3B0A252B2F24EF00B8BB21 = {
						CreatedOnToolsVersion = 15.1;
					};
				};
			};
			buildConfigurationList = EA3B0A212B2F24EF00B8BB21 /* Build configuration list for PBXProject "ObjectRecognition" */;
			compatibilityVersion = "Xcode 14.0";
			developmentRegion = en;
			hasScannedForEncodings = 0;
			knownRegions = (
				en,
				Base,
			);
			mainGroup = EA3B0A1D2B2F24EF00B8BB21;
			productRefGroup = EA3B0A272B2F24EF00B8BB21 /* Products */;
			projectDirPath = "";
			projectRoot = "";
			targets = (
				EA3B0A252B2F24EF00B8BB21 /* ObjectRecognition */,
			);
		};
/* End PBXProject section */

/* Begin PBXResourcesBuildPhase section */
		EA3B0A242B2F24EF00B8BB21 /* Resources */ = {
			isa = PBXResourcesBuildPhase;
			buildActionMask = 2147483647;
			files = (
				EA3B0A312B2F24F100B8BB21 /* Preview Assets.xcassets in Resources */,
				EA3B0A2E2B2F24F100B8BB21 /* Assets.xcassets in Resources */,
			);
			runOnlyForDeploymentPostprocessing = 0;
		};
/* End PBXResourcesBuildPhase section */

/* Begin PBXSourcesBuildPhase section */
		EA3B0A222B2F24EF00B8BB21 /* Sources */ = {
			isa = PBXSourcesBuildPhase;
			buildActionMask = 2147483647;
			files = (
				EA3B0A382B2F255700B8BB21 /* MobileNetV2.mlmodel in Sources */,
				EA3B0A432B2F397600B8BB21 /* CameraView.swift in Sources */,
				EA3B0A412B2F395200B8BB21 /* ContentView.swift in Sources */,
				EA3B0A452B2F3C8000B8BB21 /* ImagePicker.swift in Sources */,
				EA3B0A3B2B2F38D600B8BB21 /* RecognitionResult.swift in Sources */,
				EA3B0A482B30483300B8BB21 /* HexColor.swift in Sources */,
				EA3B0A2A2B2F24EF00B8BB21 /* ObjectRecognitionApp.swift in Sources */,
				EA3B0A3E2B2F38F300B8BB21 /* RecognitionViewModel.swift in Sources */,
			);
			runOnlyForDeploymentPostprocessing = 0;
		};
/* End PBXSourcesBuildPhase section */

/* Begin XCBuildConfiguration section */
		EA3B0A322B2F24F100B8BB21 /* Debug */ = {
			isa = XCBuildConfiguration;
			buildSettings = {
				ALWAYS_SEARCH_USER_PATHS = NO;
				ASSETCATALOG_COMPILER_GENERATE_SWIFT_ASSET_SYMBOL_EXTENSIONS = YES;
				CLANG_ANALYZER_NONNULL = YES;
				CLANG_ANALYZER_NUMBER_OBJECT_CONVERSION = YES_AGGRESSIVE;
				CLANG_CXX_LANGUAGE_STANDARD = "gnu++20";
				CLANG_ENABLE_MODULES = YES;
				CLANG_ENABLE_OBJC_ARC = YES;
				CLANG_ENABLE_OBJC_WEAK = YES;
				CLANG_WARN_BLOCK_CAPTURE_AUTORELEASING = YES;
				CLANG_WARN_BOOL_CONVERSION = YES;
				CLANG_WARN_COMMA = YES;
				CLANG_WARN_CONSTANT_CONVERSION = YES;
				CLANG_WARN_DEPRECATED_OBJC_IMPLEMENTATIONS = YES;
				CLANG_WARN_DIRECT_OBJC_ISA_USAGE = YES_ERROR;
				CLANG_WARN_DOCUMENTATION_COMMENTS = YES;
				CLANG_WARN_EMPTY_BODY = YES;
				CLANG_WARN_ENUM_CONVERSION = YES;
				CLANG_WARN_INFINITE_RECURSION = YES;
				CLANG_WARN_INT_CONVERSION = YES;
				CLANG_WARN_NON_LITERAL_NULL_CONVERSION = YES;
				CLANG_WARN_OBJC_IMPLICIT_RETAIN_SELF = YES;
				CLANG_WARN_OBJC_LITERAL_CONVERSION = YES;
				CLANG_WARN_OBJC_ROOT_CLASS = YES_ERROR;
				CLANG_WARN_QUOTED_INCLUDE_IN_FRAMEWORK_HEADER = YES;
				CLANG_WARN_RANGE_LOOP_ANALYSIS = YES;
				CLANG_WARN_STRICT_PROTOTYPES = YES;
				CLANG_WARN_SUSPICIOUS_MOVE = YES;
				CLANG_WARN_UNGUARDED_AVAILABILITY = YES_AGGRESSIVE;
				CLANG_WARN_UNREACHABLE_CODE = YES;
				CLANG_WARN__DUPLICATE_METHOD_MATCH = YES;
				COPY_PHASE_STRIP = NO;
				DEBUG_INFORMATION_FORMAT = dwarf;
				ENABLE_STRICT_OBJC_MSGSEND = YES;
				ENABLE_TESTABILITY = YES;
				ENABLE_USER_SCRIPT_SANDBOXING = YES;
				GCC_C_LANGUAGE_STANDARD = gnu17;
				GCC_DYNAMIC_NO_PIC = NO;
				GCC_NO_COMMON_BLOCKS = YES;
				GCC_OPTIMIZATION_LEVEL = 0;
				GCC_PREPROCESSOR_DEFINITIONS = (
					"DEBUG=1",
					"$(inherited)",
				);
				GCC_WARN_64_TO_32_BIT_CONVERSION = YES;
				GCC_WARN_ABOUT_RETURN_TYPE = YES_ERROR;
				GCC_WARN_UNDECLARED_SELECTOR = YES;
				GCC_WARN_UNINITIALIZED_AUTOS = YES_AGGRESSIVE;
				GCC_WARN_UNUSED_FUNCTION = YES;
				GCC_WARN_UNUSED_VARIABLE = YES;
				IPHONEOS_DEPLOYMENT_TARGET = 17.2;
				LOCALIZATION_PREFERS_STRING_CATALOGS = YES;
				MTL_ENABLE_DEBUG_INFO = INCLUDE_SOURCE;
				MTL_FAST_MATH = YES;
				ONLY_ACTIVE_ARCH = YES;
				SDKROOT = iphoneos;
				SWIFT_ACTIVE_COMPILATION_CONDITIONS = "DEBUG $(inherited)";
				SWIFT_OPTIMIZATION_LEVEL = "-Onone";
			};
			name = Debug;
		};
		EA3B0A332B2F24F100B8BB21 /* Release */ = {
			isa = XCBuildConfiguration;
			buildSettings = {
				ALWAYS_SEARCH_USER_PATHS = NO;
				ASSETCATALOG_COMPILER_GENERATE_SWIFT_ASSET_SYMBOL_EXTENSIONS = YES;
				CLANG_ANALYZER_NONNULL = YES;
				CLANG_ANALYZER_NUMBER_OBJECT_CONVERSION = YES_AGGRESSIVE;
				CLANG_CXX_LANGUAGE_STANDARD = "gnu++20";
				CLANG_ENABLE_MODULES = YES;
				CLANG_ENABLE_OBJC_ARC = YES;
				CLANG_ENABLE_OBJC_WEAK = YES;
				CLANG_WARN_BLOCK_CAPTURE_AUTORELEASING = YES;
				CLANG_WARN_BOOL_CONVERSION = YES;
				CLANG_WARN_COMMA = YES;
				CLANG_WARN_CONSTANT_CONVERSION = YES;
				CLANG_WARN_DEPRECATED_OBJC_IMPLEMENTATIONS = YES;
				CLANG_WARN_DIRECT_OBJC_ISA_USAGE = YES_ERROR;
				CLANG_WARN_DOCUMENTATION_COMMENTS = YES;
				CLANG_WARN_EMPTY_BODY = YES;
				CLANG_WARN_ENUM_CONVERSION = YES;
				CLANG_WARN_INFINITE_RECURSION = YES;
				CLANG_WARN_INT_CONVERSION = YES;
				CLANG_WARN_NON_LITERAL_NULL_CONVERSION = YES;
				CLANG_WARN_OBJC_IMPLICIT_RETAIN_SELF = YES;
				CLANG_WARN_OBJC_LITERAL_CONVERSION = YES;
				CLANG_WARN_OBJC_ROOT_CLASS = YES_ERROR;
				CLANG_WARN_QUOTED_INCLUDE_IN_FRAMEWORK_HEADER = YES;
				CLANG_WARN_RANGE_LOOP_ANALYSIS = YES;
				CLANG_WARN_STRICT_PROTOTYPES = YES;
				CLANG_WARN_SUSPICIOUS_MOVE = YES;
				CLANG_WARN_UNGUARDED_AVAILABILITY = YES_AGGRESSIVE;
				CLANG_WARN_UNREACHABLE_CODE = YES;
				CLANG_WARN__DUPLICATE_METHOD_MATCH = YES;
				COPY_PHASE_STRIP = NO;
				DEBUG_INFORMATION_FORMAT = "dwarf-with-dsym";
				ENABLE_NS_ASSERTIONS = NO;
				ENABLE_STRICT_OBJC_MSGSEND = YES;
				ENABLE_USER_SCRIPT_SANDBOXING = YES;
				GCC_C_LANGUAGE_STANDARD = gnu17;
				GCC_NO_COMMON_BLOCKS = YES;
				GCC_WARN_64_TO_32_BIT_CONVERSION = YES;
				GCC_WARN_ABOUT_RETURN_TYPE = YES_ERROR;
				GCC_WARN_UNDECLARED_SELECTOR = YES;
				GCC_WARN_UNINITIALIZED_AUTOS = YES_AGGRESSIVE;
				GCC_WARN_UNUSED_FUNCTION = YES;
				GCC_WARN_UNUSED_VARIABLE = YES;
				IPHONEOS_DEPLOYMENT_TARGET = 17.2;
				LOCALIZATION_PREFERS_STRING_CATALOGS = YES;
				MTL_ENABLE_DEBUG_INFO = NO;
				MTL_FAST_MATH = YES;
				SDKROOT = iphoneos;
				SWIFT_COMPILATION_MODE = wholemodule;
				VALIDATE_PRODUCT = YES;
			};
			name = Release;
		};
		EA3B0A352B2F24F100B8BB21 /* Debug */ = {
			isa = XCBuildConfiguration;
			buildSettings = {
				ASSETCATALOG_COMPILER_APPICON_NAME = AppIcon;
				ASSETCATALOG_COMPILER_GLOBAL_ACCENT_COLOR_NAME = AccentColor;
				CODE_SIGN_STYLE = Automatic;
				CURRENT_PROJECT_VERSION = 1;
				DEVELOPMENT_ASSET_PATHS = "\"ObjectRecognition/Preview Content\"";
				DEVELOPMENT_TEAM = JB46XZ574F;
				ENABLE_PREVIEWS = YES;
				GENERATE_INFOPLIST_FILE = YES;
				INFOPLIST_KEY_NSCameraUsageDescription = "Tirar foto";
				INFOPLIST_KEY_UIApplicationSceneManifest_Generation = YES;
				INFOPLIST_KEY_UIApplicationSupportsIndirectInputEvents = YES;
				INFOPLIST_KEY_UILaunchScreen_Generation = YES;
				INFOPLIST_KEY_UISupportedInterfaceOrientations_iPad = "UIInterfaceOrientationPortrait UIInterfaceOrientationPortraitUpsideDown UIInterfaceOrientationLandscapeLeft UIInterfaceOrientationLandscapeRight";
				INFOPLIST_KEY_UISupportedInterfaceOrientations_iPhone = "UIInterfaceOrientationPortrait UIInterfaceOrientationLandscapeLeft UIInterfaceOrientationLandscapeRight";
				IPHONEOS_DEPLOYMENT_TARGET = 17.0;
				LD_RUNPATH_SEARCH_PATHS = (
					"$(inherited)",
					"@executable_path/Frameworks",
				);
				MARKETING_VERSION = 1.0;
				PRODUCT_BUNDLE_IDENTIFIER = t0nysantiago.ObjectRecognition;
				PRODUCT_NAME = "$(TARGET_NAME)";
				SWIFT_EMIT_LOC_STRINGS = YES;
				SWIFT_VERSION = 5.0;
				TARGETED_DEVICE_FAMILY = "1,2";
			};
			name = Debug;
		};
		EA3B0A362B2F24F100B8BB21 /* Release */ = {
			isa = XCBuildConfiguration;
			buildSettings = {
				ASSETCATALOG_COMPILER_APPICON_NAME = AppIcon;
				ASSETCATALOG_COMPILER_GLOBAL_ACCENT_COLOR_NAME = AccentColor;
				CODE_SIGN_STYLE = Automatic;
				CURRENT_PROJECT_VERSION = 1;
				DEVELOPMENT_ASSET_PATHS = "\"ObjectRecognition/Preview Content\"";
				DEVELOPMENT_TEAM = JB46XZ574F;
				ENABLE_PREVIEWS = YES;
				GENERATE_INFOPLIST_FILE = YES;
				INFOPLIST_KEY_NSCameraUsageDescription = "Tirar foto";
				INFOPLIST_KEY_UIApplicationSceneManifest_Generation = YES;
				INFOPLIST_KEY_UIApplicationSupportsIndirectInputEvents = YES;
				INFOPLIST_KEY_UILaunchScreen_Generation = YES;
				INFOPLIST_KEY_UISupportedInterfaceOrientations_iPad = "UIInterfaceOrientationPortrait UIInterfaceOrientationPortraitUpsideDown UIInterfaceOrientationLandscapeLeft UIInterfaceOrientationLandscapeRight";
				INFOPLIST_KEY_UISupportedInterfaceOrientations_iPhone = "UIInterfaceOrientationPortrait UIInterfaceOrientationLandscapeLeft UIInterfaceOrientationLandscapeRight";
				IPHONEOS_DEPLOYMENT_TARGET = 17.0;
				LD_RUNPATH_SEARCH_PATHS = (
					"$(inherited)",
					"@executable_path/Frameworks",
				);
				MARKETING_VERSION = 1.0;
				PRODUCT_BUNDLE_IDENTIFIER = t0nysantiago.ObjectRecognition;
				PRODUCT_NAME = "$(TARGET_NAME)";
				SWIFT_EMIT_LOC_STRINGS = YES;
				SWIFT_VERSION = 5.0;
				TARGETED_DEVICE_FAMILY = "1,2";
			};
			name = Release;
		};
/* End XCBuildConfiguration section */

/* Begin XCConfigurationList section */
		EA3B0A212B2F24EF00B8BB21 /* Build configuration list for PBXProject "ObjectRecognition" */ = {
			isa = XCConfigurationList;
			buildConfigurations = (
				EA3B0A322B2F24F100B8BB21 /* Debug */,
				EA3B0A332B2F24F100B8BB21 /* Release */,
			);
			defaultConfigurationIsVisible = 0;
			defaultConfigurationName = Release;
		};
		EA3B0A342B2F24F100B8BB21 /* Build configuration list for PBXNativeTarget "ObjectRecognition" */ = {
			isa = XCConfigurationList;
			buildConfigurations = (
				EA3B0A352B2F24F100B8BB21 /* Debug */,
				EA3B0A362B2F24F100B8BB21 /* Release */,
			);
			defaultConfigurationIsVisible = 0;
			defaultConfigurationName = Release;
		};
/* End XCConfigurationList section */
	};
	rootObject = EA3B0A1E2B2F24EF00B8BB21 /* Project object */;
}
